// !$*UTF8*$!
{
	archiveVersion = 1;
	classes = {
	};
	objectVersion = 46;
	objects = {

/* Begin PBXBuildFile section */
		75B4CA9F1B281788002BAC09 /* AppDelegate.swift in Sources */ = {isa = PBXBuildFile; fileRef = 75B4CA9E1B281788002BAC09 /* AppDelegate.swift */; };
		75B4CAA61B281788002BAC09 /* Main.storyboard in Resources */ = {isa = PBXBuildFile; fileRef = 75B4CAA41B281788002BAC09 /* Main.storyboard */; };
		75B4CAA81B281788002BAC09 /* Images.xcassets in Resources */ = {isa = PBXBuildFile; fileRef = 75B4CAA71B281788002BAC09 /* Images.xcassets */; };
		75B4CAAB1B281788002BAC09 /* LaunchScreen.xib in Resources */ = {isa = PBXBuildFile; fileRef = 75B4CAA91B281788002BAC09 /* LaunchScreen.xib */; };
		75B4CAB71B281788002BAC09 /* FitrangiTests.swift in Sources */ = {isa = PBXBuildFile; fileRef = 75B4CAB61B281788002BAC09 /* FitrangiTests.swift */; };
		75B4CAEF1B281883002BAC09 /* Async.swift in Sources */ = {isa = PBXBuildFile; fileRef = 75B4CAC01B281883002BAC09 /* Async.swift */; };
		75B4CAF01B281883002BAC09 /* AsyncImageView.swift in Sources */ = {isa = PBXBuildFile; fileRef = 75B4CAC11B281883002BAC09 /* AsyncImageView.swift */; };
		75B4CAF11B281883002BAC09 /* CustomView.swift in Sources */ = {isa = PBXBuildFile; fileRef = 75B4CAC21B281883002BAC09 /* CustomView.swift */; };
		75B4CAF21B281883002BAC09 /* ContainerView.swift in Sources */ = {isa = PBXBuildFile; fileRef = 75B4CAC61B281883002BAC09 /* ContainerView.swift */; };
		75B4CAF31B281883002BAC09 /* FontAwesome.swift in Sources */ = {isa = PBXBuildFile; fileRef = 75B4CAC91B281883002BAC09 /* FontAwesome.swift */; };
		75B4CAF41B281883002BAC09 /* LayoutConstraintsFactory.swift in Sources */ = {isa = PBXBuildFile; fileRef = 75B4CACA1B281883002BAC09 /* LayoutConstraintsFactory.swift */; };
		75B4CAF51B281883002BAC09 /* FontAwesome.ttf in Resources */ = {isa = PBXBuildFile; fileRef = 75B4CACB1B281883002BAC09 /* FontAwesome.ttf */; };
		75B4CAFE1B281883002BAC09 /* SimpleAutoLayoutView.swift in Sources */ = {isa = PBXBuildFile; fileRef = 75B4CADE1B281883002BAC09 /* SimpleAutoLayoutView.swift */; };
		75B4CB091B281ADF002BAC09 /* UIView.swift in Sources */ = {isa = PBXBuildFile; fileRef = 75B4CB081B281ADF002BAC09 /* UIView.swift */; };
		75B4CB0B1B281BCC002BAC09 /* UIImageView.swift in Sources */ = {isa = PBXBuildFile; fileRef = 75B4CB0A1B281BCC002BAC09 /* UIImageView.swift */; };
		75B4CB0D1B281D9F002BAC09 /* UIImageViewObjectiveCBridge.m in Sources */ = {isa = PBXBuildFile; fileRef = 75B4CB0C1B281D9F002BAC09 /* UIImageViewObjectiveCBridge.m */; };
		75B4CB5C1B300B29002BAC09 /* NSData+ImageContentType.m in Sources */ = {isa = PBXBuildFile; fileRef = 75B4CB401B300B29002BAC09 /* NSData+ImageContentType.m */; };
		75B4CB5D1B300B29002BAC09 /* SDImageCache.m in Sources */ = {isa = PBXBuildFile; fileRef = 75B4CB421B300B29002BAC09 /* SDImageCache.m */; };
		75B4CB5E1B300B29002BAC09 /* SDWebImageCompat.m in Sources */ = {isa = PBXBuildFile; fileRef = 75B4CB441B300B29002BAC09 /* SDWebImageCompat.m */; };
		75B4CB5F1B300B29002BAC09 /* SDWebImageDecoder.m in Sources */ = {isa = PBXBuildFile; fileRef = 75B4CB461B300B29002BAC09 /* SDWebImageDecoder.m */; };
		75B4CB601B300B29002BAC09 /* SDWebImageDownloader.m in Sources */ = {isa = PBXBuildFile; fileRef = 75B4CB481B300B29002BAC09 /* SDWebImageDownloader.m */; };
		75B4CB611B300B29002BAC09 /* SDWebImageDownloaderOperation.m in Sources */ = {isa = PBXBuildFile; fileRef = 75B4CB4A1B300B29002BAC09 /* SDWebImageDownloaderOperation.m */; };
		75B4CB621B300B29002BAC09 /* SDWebImageManager.m in Sources */ = {isa = PBXBuildFile; fileRef = 75B4CB4C1B300B29002BAC09 /* SDWebImageManager.m */; };
		75B4CB631B300B29002BAC09 /* SDWebImagePrefetcher.m in Sources */ = {isa = PBXBuildFile; fileRef = 75B4CB4F1B300B29002BAC09 /* SDWebImagePrefetcher.m */; };
		75B4CB641B300B29002BAC09 /* UIButton+WebCache.m in Sources */ = {isa = PBXBuildFile; fileRef = 75B4CB511B300B29002BAC09 /* UIButton+WebCache.m */; };
		75B4CB651B300B29002BAC09 /* UIImage+GIF.m in Sources */ = {isa = PBXBuildFile; fileRef = 75B4CB531B300B29002BAC09 /* UIImage+GIF.m */; };
		75B4CB661B300B29002BAC09 /* UIImage+MultiFormat.m in Sources */ = {isa = PBXBuildFile; fileRef = 75B4CB551B300B29002BAC09 /* UIImage+MultiFormat.m */; };
		75B4CB671B300B29002BAC09 /* UIImageView+HighlightedWebCache.m in Sources */ = {isa = PBXBuildFile; fileRef = 75B4CB571B300B29002BAC09 /* UIImageView+HighlightedWebCache.m */; };
		75B4CB681B300B29002BAC09 /* UIImageView+WebCache.m in Sources */ = {isa = PBXBuildFile; fileRef = 75B4CB591B300B29002BAC09 /* UIImageView+WebCache.m */; };
		75B4CB691B300B29002BAC09 /* UIView+WebCacheOperation.m in Sources */ = {isa = PBXBuildFile; fileRef = 75B4CB5B1B300B29002BAC09 /* UIView+WebCacheOperation.m */; };
		75B4CB731B3055CC002BAC09 /* WebRequestExecutor.swift in Sources */ = {isa = PBXBuildFile; fileRef = 75B4CB721B3055CC002BAC09 /* WebRequestExecutor.swift */; };
		75BFF5EA1B3596F100340EEC /* UserDefaultsBase.swift in Sources */ = {isa = PBXBuildFile; fileRef = 75BFF5E91B3596F100340EEC /* UserDefaultsBase.swift */; };
		B3C777F1C4D23E5142DCFBE1 /* Pods_Fitrangi.framework in Frameworks */ = {isa = PBXBuildFile; fileRef = 4E91EE4743B46323812CDA14 /* Pods_Fitrangi.framework */; settings = {ATTRIBUTES = (Weak, ); }; };
		E0D651071B4162930048E776 /* AdventureHowToReachView.xib in Resources */ = {isa = PBXBuildFile; fileRef = E0D651061B4162930048E776 /* AdventureHowToReachView.xib */; };
		E0D651091B4162BD0048E776 /* AdventureHowToReachView.swift in Sources */ = {isa = PBXBuildFile; fileRef = E0D651081B4162BD0048E776 /* AdventureHowToReachView.swift */; };
		E0D6510B1B41651C0048E776 /* AdventureNearbyFacilitiesView.xib in Resources */ = {isa = PBXBuildFile; fileRef = E0D6510A1B41651C0048E776 /* AdventureNearbyFacilitiesView.xib */; };
		E0D6510D1B41653D0048E776 /* AdventureNearbyFacilitiesView.swift in Sources */ = {isa = PBXBuildFile; fileRef = E0D6510C1B41653D0048E776 /* AdventureNearbyFacilitiesView.swift */; };
		E0D70B881B4278F300B84E8E /* FollowersView.xib in Resources */ = {isa = PBXBuildFile; fileRef = E0D70B871B4278F300B84E8E /* FollowersView.xib */; };
		E0D70B8A1B427ADC00B84E8E /* FollowersViewController.swift in Sources */ = {isa = PBXBuildFile; fileRef = E0D70B891B427ADB00B84E8E /* FollowersViewController.swift */; };
		E0D70B8C1B427D4A00B84E8E /* FollowersCard.xib in Resources */ = {isa = PBXBuildFile; fileRef = E0D70B8B1B427D4A00B84E8E /* FollowersCard.xib */; };
		E0D70B8E1B427D5C00B84E8E /* FollowersCard.swift in Sources */ = {isa = PBXBuildFile; fileRef = E0D70B8D1B427D5C00B84E8E /* FollowersCard.swift */; };
		E0D70B901B4287BA00B84E8E /* FollowersHeader.xib in Resources */ = {isa = PBXBuildFile; fileRef = E0D70B8F1B4287BA00B84E8E /* FollowersHeader.xib */; };
		E0D70B921B4287D400B84E8E /* FollowersHeader.swift in Sources */ = {isa = PBXBuildFile; fileRef = E0D70B911B4287D400B84E8E /* FollowersHeader.swift */; };
		E0D7A20F1B33FC7B0010D9D5 /* LoginViewController.swift in Sources */ = {isa = PBXBuildFile; fileRef = E0D7A20E1B33FC7B0010D9D5 /* LoginViewController.swift */; };
		E0DE0DDB1B41439A006DC165 /* AdventureAboutHeader.swift in Sources */ = {isa = PBXBuildFile; fileRef = E0DE0DCB1B41439A006DC165 /* AdventureAboutHeader.swift */; };
		E0DE0DDC1B41439A006DC165 /* AdventureAboutHeader.xib in Resources */ = {isa = PBXBuildFile; fileRef = E0DE0DCC1B41439A006DC165 /* AdventureAboutHeader.xib */; };
		E0DE0DDD1B41439A006DC165 /* AdventureAboutView.swift in Sources */ = {isa = PBXBuildFile; fileRef = E0DE0DCD1B41439A006DC165 /* AdventureAboutView.swift */; };
		E0DE0DDE1B41439A006DC165 /* AdventureAboutView.xib in Resources */ = {isa = PBXBuildFile; fileRef = E0DE0DCE1B41439A006DC165 /* AdventureAboutView.xib */; };
		E0DE0DDF1B41439A006DC165 /* AdventureDetailCard.swift in Sources */ = {isa = PBXBuildFile; fileRef = E0DE0DCF1B41439A006DC165 /* AdventureDetailCard.swift */; };
		E0DE0DE01B41439A006DC165 /* AdventureDetailCard.xib in Resources */ = {isa = PBXBuildFile; fileRef = E0DE0DD01B41439A006DC165 /* AdventureDetailCard.xib */; };
		E0DE0DE11B41439A006DC165 /* AdventureDetailView.xib in Resources */ = {isa = PBXBuildFile; fileRef = E0DE0DD11B41439A006DC165 /* AdventureDetailView.xib */; };
		E0DE0DE21B41439A006DC165 /* AdventureDetailViewController.swift in Sources */ = {isa = PBXBuildFile; fileRef = E0DE0DD21B41439A006DC165 /* AdventureDetailViewController.swift */; };
		E0DE0DE31B41439A006DC165 /* AdventureHowToReachHeader.swift in Sources */ = {isa = PBXBuildFile; fileRef = E0DE0DD31B41439A006DC165 /* AdventureHowToReachHeader.swift */; };
		E0DE0DE41B41439A006DC165 /* AdventureHowToReachHeader.xib in Resources */ = {isa = PBXBuildFile; fileRef = E0DE0DD41B41439A006DC165 /* AdventureHowToReachHeader.xib */; };
		E0DE0DE51B41439A006DC165 /* AdventureNearbyFacilitiesHeader.swift in Sources */ = {isa = PBXBuildFile; fileRef = E0DE0DD51B41439A006DC165 /* AdventureNearbyFacilitiesHeader.swift */; };
		E0DE0DE61B41439A006DC165 /* AdventureNearbyFacilitiesHeader.xib in Resources */ = {isa = PBXBuildFile; fileRef = E0DE0DD61B41439A006DC165 /* AdventureNearbyFacilitiesHeader.xib */; };
		E0DE0DE71B41439A006DC165 /* AdventureReviewsHeader.swift in Sources */ = {isa = PBXBuildFile; fileRef = E0DE0DD71B41439A006DC165 /* AdventureReviewsHeader.swift */; };
		E0DE0DE81B41439A006DC165 /* AdventureReviewsHeader.xib in Resources */ = {isa = PBXBuildFile; fileRef = E0DE0DD81B41439A006DC165 /* AdventureReviewsHeader.xib */; };
		E0DE0DE91B41439A006DC165 /* AdventureReviewsView.swift in Sources */ = {isa = PBXBuildFile; fileRef = E0DE0DD91B41439A006DC165 /* AdventureReviewsView.swift */; };
		E0DE0DEA1B41439A006DC165 /* AdventureReviewsView.xib in Resources */ = {isa = PBXBuildFile; fileRef = E0DE0DDA1B41439A006DC165 /* AdventureReviewsView.xib */; };
		E0DE0DF11B4143BB006DC165 /* ProfileCard.xib in Resources */ = {isa = PBXBuildFile; fileRef = E0DE0DEB1B4143BA006DC165 /* ProfileCard.xib */; };
		E0DE0DF21B4143BB006DC165 /* ProfileView.swift in Sources */ = {isa = PBXBuildFile; fileRef = E0DE0DEC1B4143BB006DC165 /* ProfileView.swift */; };
		E0DE0DF31B4143BB006DC165 /* StreamUserProfileView.xib in Resources */ = {isa = PBXBuildFile; fileRef = E0DE0DED1B4143BB006DC165 /* StreamUserProfileView.xib */; };
		E0DE0DF41B4143BB006DC165 /* StreamUserProfileViewController.swift in Sources */ = {isa = PBXBuildFile; fileRef = E0DE0DEE1B4143BB006DC165 /* StreamUserProfileViewController.swift */; };
		E0DE0DF51B4143BB006DC165 /* UserProfileHeader.swift in Sources */ = {isa = PBXBuildFile; fileRef = E0DE0DEF1B4143BB006DC165 /* UserProfileHeader.swift */; };
		E0DE0DF61B4143BB006DC165 /* UserProfileHeader.xib in Resources */ = {isa = PBXBuildFile; fileRef = E0DE0DF01B4143BB006DC165 /* UserProfileHeader.xib */; };
		E0DE0E011B4143E1006DC165 /* CommentsView.swift in Sources */ = {isa = PBXBuildFile; fileRef = E0DE0DF71B4143E1006DC165 /* CommentsView.swift */; };
		E0DE0E021B4143E1006DC165 /* CommentsView.xib in Resources */ = {isa = PBXBuildFile; fileRef = E0DE0DF81B4143E1006DC165 /* CommentsView.xib */; };
		E0DE0E031B4143E1006DC165 /* DiscussionDescriptionView.swift in Sources */ = {isa = PBXBuildFile; fileRef = E0DE0DF91B4143E1006DC165 /* DiscussionDescriptionView.swift */; };
		E0DE0E041B4143E1006DC165 /* DiscussionDescriptionView.xib in Resources */ = {isa = PBXBuildFile; fileRef = E0DE0DFA1B4143E1006DC165 /* DiscussionDescriptionView.xib */; };
		E0DE0E051B4143E1006DC165 /* DiscussionDetailCard.swift in Sources */ = {isa = PBXBuildFile; fileRef = E0DE0DFB1B4143E1006DC165 /* DiscussionDetailCard.swift */; };
		E0DE0E061B4143E1006DC165 /* DiscussionDetailCard.xib in Resources */ = {isa = PBXBuildFile; fileRef = E0DE0DFC1B4143E1006DC165 /* DiscussionDetailCard.xib */; };
		E0DE0E071B4143E1006DC165 /* DiscussionDetailHeader.swift in Sources */ = {isa = PBXBuildFile; fileRef = E0DE0DFD1B4143E1006DC165 /* DiscussionDetailHeader.swift */; };
		E0DE0E081B4143E1006DC165 /* DiscussionDetailHeader.xib in Resources */ = {isa = PBXBuildFile; fileRef = E0DE0DFE1B4143E1006DC165 /* DiscussionDetailHeader.xib */; };
		E0DE0E091B4143E1006DC165 /* DiscussionDetailView.xib in Resources */ = {isa = PBXBuildFile; fileRef = E0DE0DFF1B4143E1006DC165 /* DiscussionDetailView.xib */; };
		E0DE0E0A1B4143E1006DC165 /* DiscussionDetailViewController.swift in Sources */ = {isa = PBXBuildFile; fileRef = E0DE0E001B4143E1006DC165 /* DiscussionDetailViewController.swift */; };
		E0DE0E161B4143F6006DC165 /* StreamActivityCard.swift in Sources */ = {isa = PBXBuildFile; fileRef = E0DE0E0B1B4143F6006DC165 /* StreamActivityCard.swift */; };
		E0DE0E171B4143F6006DC165 /* StreamActivityCard.xib in Resources */ = {isa = PBXBuildFile; fileRef = E0DE0E0C1B4143F6006DC165 /* StreamActivityCard.xib */; };
		E0DE0E181B4143F6006DC165 /* StreamAdventureCard.swift in Sources */ = {isa = PBXBuildFile; fileRef = E0DE0E0D1B4143F6006DC165 /* StreamAdventureCard.swift */; };
		E0DE0E191B4143F6006DC165 /* StreamAdventureCard.xib in Resources */ = {isa = PBXBuildFile; fileRef = E0DE0E0E1B4143F6006DC165 /* StreamAdventureCard.xib */; };
		E0DE0E1A1B4143F6006DC165 /* StreamArticleCard.swift in Sources */ = {isa = PBXBuildFile; fileRef = E0DE0E0F1B4143F6006DC165 /* StreamArticleCard.swift */; };
		E0DE0E1B1B4143F6006DC165 /* StreamArticleCard.xib in Resources */ = {isa = PBXBuildFile; fileRef = E0DE0E101B4143F6006DC165 /* StreamArticleCard.xib */; };
		E0DE0E1C1B4143F6006DC165 /* StreamDiscussionCard.swift in Sources */ = {isa = PBXBuildFile; fileRef = E0DE0E111B4143F6006DC165 /* StreamDiscussionCard.swift */; };
		E0DE0E1D1B4143F6006DC165 /* StreamDiscussionCard.xib in Resources */ = {isa = PBXBuildFile; fileRef = E0DE0E121B4143F6006DC165 /* StreamDiscussionCard.xib */; };
		E0DE0E1E1B4143F6006DC165 /* StreamFollowCard.swift in Sources */ = {isa = PBXBuildFile; fileRef = E0DE0E131B4143F6006DC165 /* StreamFollowCard.swift */; };
		E0DE0E1F1B4143F6006DC165 /* StreamFollowCard.xib in Resources */ = {isa = PBXBuildFile; fileRef = E0DE0E141B4143F6006DC165 /* StreamFollowCard.xib */; };
		E0DE0E201B4143F6006DC165 /* StreamTableViewController.swift in Sources */ = {isa = PBXBuildFile; fileRef = E0DE0E151B4143F6006DC165 /* StreamTableViewController.swift */; };
		E0DE0E2B1B414450006DC165 /* ArticleCommentsHeaderView.swift in Sources */ = {isa = PBXBuildFile; fileRef = E0DE0E211B414450006DC165 /* ArticleCommentsHeaderView.swift */; };
		E0DE0E2C1B414450006DC165 /* ArticleCommentsHeaderView.xib in Resources */ = {isa = PBXBuildFile; fileRef = E0DE0E221B414450006DC165 /* ArticleCommentsHeaderView.xib */; };
		E0DE0E2D1B414450006DC165 /* ArticleCommentsView.swift in Sources */ = {isa = PBXBuildFile; fileRef = E0DE0E231B414450006DC165 /* ArticleCommentsView.swift */; };
		E0DE0E2E1B414450006DC165 /* ArticleCommentsView.xib in Resources */ = {isa = PBXBuildFile; fileRef = E0DE0E241B414450006DC165 /* ArticleCommentsView.xib */; };
		E0DE0E2F1B414450006DC165 /* ArticleContentView.swift in Sources */ = {isa = PBXBuildFile; fileRef = E0DE0E251B414450006DC165 /* ArticleContentView.swift */; };
		E0DE0E301B414450006DC165 /* ArticleContentView.xib in Resources */ = {isa = PBXBuildFile; fileRef = E0DE0E261B414450006DC165 /* ArticleContentView.xib */; };
		E0DE0E311B414450006DC165 /* ArticleDetailCard.swift in Sources */ = {isa = PBXBuildFile; fileRef = E0DE0E271B414450006DC165 /* ArticleDetailCard.swift */; };
		E0DE0E321B414450006DC165 /* ArticleDetailCard.xib in Resources */ = {isa = PBXBuildFile; fileRef = E0DE0E281B414450006DC165 /* ArticleDetailCard.xib */; };
		E0DE0E331B414450006DC165 /* ArticleDetailView.xib in Resources */ = {isa = PBXBuildFile; fileRef = E0DE0E291B414450006DC165 /* ArticleDetailView.xib */; };
		E0DE0E341B414450006DC165 /* ArticleDetailViewController.swift in Sources */ = {isa = PBXBuildFile; fileRef = E0DE0E2A1B414450006DC165 /* ArticleDetailViewController.swift */; };
/* End PBXBuildFile section */

/* Begin PBXContainerItemProxy section */
		75B4CAB11B281788002BAC09 /* PBXContainerItemProxy */ = {
			isa = PBXContainerItemProxy;
			containerPortal = 75B4CA911B281788002BAC09 /* Project object */;
			proxyType = 1;
			remoteGlobalIDString = 75B4CA981B281788002BAC09;
			remoteInfo = Fitrangi;
		};
/* End PBXContainerItemProxy section */

/* Begin PBXFileReference section */
		39D5961F6F51C99107F77688 /* Pods-Fitrangi.release.xcconfig */ = {isa = PBXFileReference; includeInIndex = 1; lastKnownFileType = text.xcconfig; name = "Pods-Fitrangi.release.xcconfig"; path = "Pods/Target Support Files/Pods-Fitrangi/Pods-Fitrangi.release.xcconfig"; sourceTree = "<group>"; };
		4E91EE4743B46323812CDA14 /* Pods_Fitrangi.framework */ = {isa = PBXFileReference; explicitFileType = wrapper.framework; includeInIndex = 0; path = Pods_Fitrangi.framework; sourceTree = BUILT_PRODUCTS_DIR; };
		75B4CA991B281788002BAC09 /* Fitrangi.app */ = {isa = PBXFileReference; explicitFileType = wrapper.application; includeInIndex = 0; path = Fitrangi.app; sourceTree = BUILT_PRODUCTS_DIR; };
		75B4CA9D1B281788002BAC09 /* Info.plist */ = {isa = PBXFileReference; lastKnownFileType = text.plist.xml; path = Info.plist; sourceTree = "<group>"; };
		75B4CA9E1B281788002BAC09 /* AppDelegate.swift */ = {isa = PBXFileReference; lastKnownFileType = sourcecode.swift; path = AppDelegate.swift; sourceTree = "<group>"; };
		75B4CAA51B281788002BAC09 /* Base */ = {isa = PBXFileReference; lastKnownFileType = file.storyboard; name = Base; path = Base.lproj/Main.storyboard; sourceTree = "<group>"; };
		75B4CAA71B281788002BAC09 /* Images.xcassets */ = {isa = PBXFileReference; lastKnownFileType = folder.assetcatalog; path = Images.xcassets; sourceTree = "<group>"; };
		75B4CAAA1B281788002BAC09 /* Base */ = {isa = PBXFileReference; lastKnownFileType = file.xib; name = Base; path = Base.lproj/LaunchScreen.xib; sourceTree = "<group>"; };
		75B4CAB01B281788002BAC09 /* FitrangiTests.xctest */ = {isa = PBXFileReference; explicitFileType = wrapper.cfbundle; includeInIndex = 0; path = FitrangiTests.xctest; sourceTree = BUILT_PRODUCTS_DIR; };
		75B4CAB51B281788002BAC09 /* Info.plist */ = {isa = PBXFileReference; lastKnownFileType = text.plist.xml; path = Info.plist; sourceTree = "<group>"; };
		75B4CAB61B281788002BAC09 /* FitrangiTests.swift */ = {isa = PBXFileReference; lastKnownFileType = sourcecode.swift; path = FitrangiTests.swift; sourceTree = "<group>"; };
		75B4CAC01B281883002BAC09 /* Async.swift */ = {isa = PBXFileReference; fileEncoding = 4; lastKnownFileType = sourcecode.swift; name = Async.swift; path = ../../Async.swift; sourceTree = "<group>"; };
		75B4CAC11B281883002BAC09 /* AsyncImageView.swift */ = {isa = PBXFileReference; fileEncoding = 4; lastKnownFileType = sourcecode.swift; name = AsyncImageView.swift; path = ../../AsyncImageView.swift; sourceTree = "<group>"; };
		75B4CAC21B281883002BAC09 /* CustomView.swift */ = {isa = PBXFileReference; fileEncoding = 4; lastKnownFileType = sourcecode.swift; name = CustomView.swift; path = ../../CustomView.swift; sourceTree = "<group>"; };
		75B4CAC61B281883002BAC09 /* ContainerView.swift */ = {isa = PBXFileReference; fileEncoding = 4; lastKnownFileType = sourcecode.swift; path = ContainerView.swift; sourceTree = "<group>"; };
		75B4CAC91B281883002BAC09 /* FontAwesome.swift */ = {isa = PBXFileReference; fileEncoding = 4; lastKnownFileType = sourcecode.swift; path = FontAwesome.swift; sourceTree = "<group>"; };
		75B4CACA1B281883002BAC09 /* LayoutConstraintsFactory.swift */ = {isa = PBXFileReference; fileEncoding = 4; lastKnownFileType = sourcecode.swift; path = LayoutConstraintsFactory.swift; sourceTree = "<group>"; };
		75B4CACB1B281883002BAC09 /* FontAwesome.ttf */ = {isa = PBXFileReference; lastKnownFileType = file; path = FontAwesome.ttf; sourceTree = "<group>"; };
		75B4CADE1B281883002BAC09 /* SimpleAutoLayoutView.swift */ = {isa = PBXFileReference; fileEncoding = 4; lastKnownFileType = sourcecode.swift; name = SimpleAutoLayoutView.swift; path = ../../SimpleAutoLayoutView.swift; sourceTree = "<group>"; };
		75B4CB081B281ADF002BAC09 /* UIView.swift */ = {isa = PBXFileReference; fileEncoding = 4; lastKnownFileType = sourcecode.swift; path = UIView.swift; sourceTree = "<group>"; };
		75B4CB0A1B281BCC002BAC09 /* UIImageView.swift */ = {isa = PBXFileReference; fileEncoding = 4; lastKnownFileType = sourcecode.swift; path = UIImageView.swift; sourceTree = "<group>"; };
		75B4CB0C1B281D9F002BAC09 /* UIImageViewObjectiveCBridge.m */ = {isa = PBXFileReference; fileEncoding = 4; lastKnownFileType = sourcecode.c.objc; path = UIImageViewObjectiveCBridge.m; sourceTree = "<group>"; };
		75B4CB0F1B281FF6002BAC09 /* UIImageViewObjectiveCBridge.h */ = {isa = PBXFileReference; lastKnownFileType = sourcecode.c.h; path = UIImageViewObjectiveCBridge.h; sourceTree = "<group>"; };
		75B4CB101B28230F002BAC09 /* Fitangi-Bridging-Header.h */ = {isa = PBXFileReference; fileEncoding = 4; lastKnownFileType = sourcecode.c.h; path = "Fitangi-Bridging-Header.h"; sourceTree = "<group>"; };
		75B4CB3F1B300B29002BAC09 /* NSData+ImageContentType.h */ = {isa = PBXFileReference; fileEncoding = 4; lastKnownFileType = sourcecode.c.h; path = "NSData+ImageContentType.h"; sourceTree = "<group>"; };
		75B4CB401B300B29002BAC09 /* NSData+ImageContentType.m */ = {isa = PBXFileReference; fileEncoding = 4; lastKnownFileType = sourcecode.c.objc; path = "NSData+ImageContentType.m"; sourceTree = "<group>"; };
		75B4CB411B300B29002BAC09 /* SDImageCache.h */ = {isa = PBXFileReference; fileEncoding = 4; lastKnownFileType = sourcecode.c.h; path = SDImageCache.h; sourceTree = "<group>"; };
		75B4CB421B300B29002BAC09 /* SDImageCache.m */ = {isa = PBXFileReference; fileEncoding = 4; lastKnownFileType = sourcecode.c.objc; path = SDImageCache.m; sourceTree = "<group>"; };
		75B4CB431B300B29002BAC09 /* SDWebImageCompat.h */ = {isa = PBXFileReference; fileEncoding = 4; lastKnownFileType = sourcecode.c.h; path = SDWebImageCompat.h; sourceTree = "<group>"; };
		75B4CB441B300B29002BAC09 /* SDWebImageCompat.m */ = {isa = PBXFileReference; fileEncoding = 4; lastKnownFileType = sourcecode.c.objc; path = SDWebImageCompat.m; sourceTree = "<group>"; };
		75B4CB451B300B29002BAC09 /* SDWebImageDecoder.h */ = {isa = PBXFileReference; fileEncoding = 4; lastKnownFileType = sourcecode.c.h; path = SDWebImageDecoder.h; sourceTree = "<group>"; };
		75B4CB461B300B29002BAC09 /* SDWebImageDecoder.m */ = {isa = PBXFileReference; fileEncoding = 4; lastKnownFileType = sourcecode.c.objc; path = SDWebImageDecoder.m; sourceTree = "<group>"; };
		75B4CB471B300B29002BAC09 /* SDWebImageDownloader.h */ = {isa = PBXFileReference; fileEncoding = 4; lastKnownFileType = sourcecode.c.h; path = SDWebImageDownloader.h; sourceTree = "<group>"; };
		75B4CB481B300B29002BAC09 /* SDWebImageDownloader.m */ = {isa = PBXFileReference; fileEncoding = 4; lastKnownFileType = sourcecode.c.objc; path = SDWebImageDownloader.m; sourceTree = "<group>"; };
		75B4CB491B300B29002BAC09 /* SDWebImageDownloaderOperation.h */ = {isa = PBXFileReference; fileEncoding = 4; lastKnownFileType = sourcecode.c.h; path = SDWebImageDownloaderOperation.h; sourceTree = "<group>"; };
		75B4CB4A1B300B29002BAC09 /* SDWebImageDownloaderOperation.m */ = {isa = PBXFileReference; fileEncoding = 4; lastKnownFileType = sourcecode.c.objc; path = SDWebImageDownloaderOperation.m; sourceTree = "<group>"; };
		75B4CB4B1B300B29002BAC09 /* SDWebImageManager.h */ = {isa = PBXFileReference; fileEncoding = 4; lastKnownFileType = sourcecode.c.h; path = SDWebImageManager.h; sourceTree = "<group>"; };
		75B4CB4C1B300B29002BAC09 /* SDWebImageManager.m */ = {isa = PBXFileReference; fileEncoding = 4; lastKnownFileType = sourcecode.c.objc; path = SDWebImageManager.m; sourceTree = "<group>"; };
		75B4CB4D1B300B29002BAC09 /* SDWebImageOperation.h */ = {isa = PBXFileReference; fileEncoding = 4; lastKnownFileType = sourcecode.c.h; path = SDWebImageOperation.h; sourceTree = "<group>"; };
		75B4CB4E1B300B29002BAC09 /* SDWebImagePrefetcher.h */ = {isa = PBXFileReference; fileEncoding = 4; lastKnownFileType = sourcecode.c.h; path = SDWebImagePrefetcher.h; sourceTree = "<group>"; };
		75B4CB4F1B300B29002BAC09 /* SDWebImagePrefetcher.m */ = {isa = PBXFileReference; fileEncoding = 4; lastKnownFileType = sourcecode.c.objc; path = SDWebImagePrefetcher.m; sourceTree = "<group>"; };
		75B4CB501B300B29002BAC09 /* UIButton+WebCache.h */ = {isa = PBXFileReference; fileEncoding = 4; lastKnownFileType = sourcecode.c.h; path = "UIButton+WebCache.h"; sourceTree = "<group>"; };
		75B4CB511B300B29002BAC09 /* UIButton+WebCache.m */ = {isa = PBXFileReference; fileEncoding = 4; lastKnownFileType = sourcecode.c.objc; path = "UIButton+WebCache.m"; sourceTree = "<group>"; };
		75B4CB521B300B29002BAC09 /* UIImage+GIF.h */ = {isa = PBXFileReference; fileEncoding = 4; lastKnownFileType = sourcecode.c.h; path = "UIImage+GIF.h"; sourceTree = "<group>"; };
		75B4CB531B300B29002BAC09 /* UIImage+GIF.m */ = {isa = PBXFileReference; fileEncoding = 4; lastKnownFileType = sourcecode.c.objc; path = "UIImage+GIF.m"; sourceTree = "<group>"; };
		75B4CB541B300B29002BAC09 /* UIImage+MultiFormat.h */ = {isa = PBXFileReference; fileEncoding = 4; lastKnownFileType = sourcecode.c.h; path = "UIImage+MultiFormat.h"; sourceTree = "<group>"; };
		75B4CB551B300B29002BAC09 /* UIImage+MultiFormat.m */ = {isa = PBXFileReference; fileEncoding = 4; lastKnownFileType = sourcecode.c.objc; path = "UIImage+MultiFormat.m"; sourceTree = "<group>"; };
		75B4CB561B300B29002BAC09 /* UIImageView+HighlightedWebCache.h */ = {isa = PBXFileReference; fileEncoding = 4; lastKnownFileType = sourcecode.c.h; path = "UIImageView+HighlightedWebCache.h"; sourceTree = "<group>"; };
		75B4CB571B300B29002BAC09 /* UIImageView+HighlightedWebCache.m */ = {isa = PBXFileReference; fileEncoding = 4; lastKnownFileType = sourcecode.c.objc; path = "UIImageView+HighlightedWebCache.m"; sourceTree = "<group>"; };
		75B4CB581B300B29002BAC09 /* UIImageView+WebCache.h */ = {isa = PBXFileReference; fileEncoding = 4; lastKnownFileType = sourcecode.c.h; path = "UIImageView+WebCache.h"; sourceTree = "<group>"; };
		75B4CB591B300B29002BAC09 /* UIImageView+WebCache.m */ = {isa = PBXFileReference; fileEncoding = 4; lastKnownFileType = sourcecode.c.objc; path = "UIImageView+WebCache.m"; sourceTree = "<group>"; };
		75B4CB5A1B300B29002BAC09 /* UIView+WebCacheOperation.h */ = {isa = PBXFileReference; fileEncoding = 4; lastKnownFileType = sourcecode.c.h; path = "UIView+WebCacheOperation.h"; sourceTree = "<group>"; };
		75B4CB5B1B300B29002BAC09 /* UIView+WebCacheOperation.m */ = {isa = PBXFileReference; fileEncoding = 4; lastKnownFileType = sourcecode.c.objc; path = "UIView+WebCacheOperation.m"; sourceTree = "<group>"; };
		75B4CB721B3055CC002BAC09 /* WebRequestExecutor.swift */ = {isa = PBXFileReference; fileEncoding = 4; lastKnownFileType = sourcecode.swift; path = WebRequestExecutor.swift; sourceTree = "<group>"; };
		75BFF5E91B3596F100340EEC /* UserDefaultsBase.swift */ = {isa = PBXFileReference; fileEncoding = 4; lastKnownFileType = sourcecode.swift; path = UserDefaultsBase.swift; sourceTree = "<group>"; };
		E0D651061B4162930048E776 /* AdventureHowToReachView.xib */ = {isa = PBXFileReference; fileEncoding = 4; lastKnownFileType = file.xib; path = AdventureHowToReachView.xib; sourceTree = "<group>"; };
		E0D651081B4162BD0048E776 /* AdventureHowToReachView.swift */ = {isa = PBXFileReference; fileEncoding = 4; lastKnownFileType = sourcecode.swift; path = AdventureHowToReachView.swift; sourceTree = "<group>"; };
		E0D6510A1B41651C0048E776 /* AdventureNearbyFacilitiesView.xib */ = {isa = PBXFileReference; fileEncoding = 4; lastKnownFileType = file.xib; path = AdventureNearbyFacilitiesView.xib; sourceTree = "<group>"; };
		E0D6510C1B41653D0048E776 /* AdventureNearbyFacilitiesView.swift */ = {isa = PBXFileReference; fileEncoding = 4; lastKnownFileType = sourcecode.swift; path = AdventureNearbyFacilitiesView.swift; sourceTree = "<group>"; };
		E0D70B871B4278F300B84E8E /* FollowersView.xib */ = {isa = PBXFileReference; fileEncoding = 4; lastKnownFileType = file.xib; path = FollowersView.xib; sourceTree = "<group>"; };
		E0D70B891B427ADB00B84E8E /* FollowersViewController.swift */ = {isa = PBXFileReference; fileEncoding = 4; lastKnownFileType = sourcecode.swift; path = FollowersViewController.swift; sourceTree = "<group>"; };
		E0D70B8B1B427D4A00B84E8E /* FollowersCard.xib */ = {isa = PBXFileReference; fileEncoding = 4; lastKnownFileType = file.xib; path = FollowersCard.xib; sourceTree = "<group>"; };
		E0D70B8D1B427D5C00B84E8E /* FollowersCard.swift */ = {isa = PBXFileReference; fileEncoding = 4; lastKnownFileType = sourcecode.swift; path = FollowersCard.swift; sourceTree = "<group>"; };
		E0D70B8F1B4287BA00B84E8E /* FollowersHeader.xib */ = {isa = PBXFileReference; fileEncoding = 4; lastKnownFileType = file.xib; path = FollowersHeader.xib; sourceTree = "<group>"; };
		E0D70B911B4287D400B84E8E /* FollowersHeader.swift */ = {isa = PBXFileReference; fileEncoding = 4; lastKnownFileType = sourcecode.swift; path = FollowersHeader.swift; sourceTree = "<group>"; };
		E0D7A20E1B33FC7B0010D9D5 /* LoginViewController.swift */ = {isa = PBXFileReference; fileEncoding = 4; lastKnownFileType = sourcecode.swift; path = LoginViewController.swift; sourceTree = "<group>"; };
		E0DE0DCB1B41439A006DC165 /* AdventureAboutHeader.swift */ = {isa = PBXFileReference; fileEncoding = 4; lastKnownFileType = sourcecode.swift; name = AdventureAboutHeader.swift; path = AdventureDetails/AdventureAboutHeader.swift; sourceTree = "<group>"; };
		E0DE0DCC1B41439A006DC165 /* AdventureAboutHeader.xib */ = {isa = PBXFileReference; fileEncoding = 4; lastKnownFileType = file.xib; name = AdventureAboutHeader.xib; path = AdventureDetails/AdventureAboutHeader.xib; sourceTree = "<group>"; };
		E0DE0DCD1B41439A006DC165 /* AdventureAboutView.swift */ = {isa = PBXFileReference; fileEncoding = 4; lastKnownFileType = sourcecode.swift; name = AdventureAboutView.swift; path = AdventureDetails/AdventureAboutView.swift; sourceTree = "<group>"; };
		E0DE0DCE1B41439A006DC165 /* AdventureAboutView.xib */ = {isa = PBXFileReference; fileEncoding = 4; lastKnownFileType = file.xib; name = AdventureAboutView.xib; path = AdventureDetails/AdventureAboutView.xib; sourceTree = "<group>"; };
		E0DE0DCF1B41439A006DC165 /* AdventureDetailCard.swift */ = {isa = PBXFileReference; fileEncoding = 4; lastKnownFileType = sourcecode.swift; name = AdventureDetailCard.swift; path = AdventureDetails/AdventureDetailCard.swift; sourceTree = "<group>"; };
		E0DE0DD01B41439A006DC165 /* AdventureDetailCard.xib */ = {isa = PBXFileReference; fileEncoding = 4; lastKnownFileType = file.xib; name = AdventureDetailCard.xib; path = AdventureDetails/AdventureDetailCard.xib; sourceTree = "<group>"; };
		E0DE0DD11B41439A006DC165 /* AdventureDetailView.xib */ = {isa = PBXFileReference; fileEncoding = 4; lastKnownFileType = file.xib; name = AdventureDetailView.xib; path = AdventureDetails/AdventureDetailView.xib; sourceTree = "<group>"; };
		E0DE0DD21B41439A006DC165 /* AdventureDetailViewController.swift */ = {isa = PBXFileReference; fileEncoding = 4; lastKnownFileType = sourcecode.swift; name = AdventureDetailViewController.swift; path = AdventureDetails/AdventureDetailViewController.swift; sourceTree = "<group>"; };
		E0DE0DD31B41439A006DC165 /* AdventureHowToReachHeader.swift */ = {isa = PBXFileReference; fileEncoding = 4; lastKnownFileType = sourcecode.swift; name = AdventureHowToReachHeader.swift; path = AdventureDetails/AdventureHowToReachHeader.swift; sourceTree = "<group>"; };
		E0DE0DD41B41439A006DC165 /* AdventureHowToReachHeader.xib */ = {isa = PBXFileReference; fileEncoding = 4; lastKnownFileType = file.xib; name = AdventureHowToReachHeader.xib; path = AdventureDetails/AdventureHowToReachHeader.xib; sourceTree = "<group>"; };
		E0DE0DD51B41439A006DC165 /* AdventureNearbyFacilitiesHeader.swift */ = {isa = PBXFileReference; fileEncoding = 4; lastKnownFileType = sourcecode.swift; name = AdventureNearbyFacilitiesHeader.swift; path = AdventureDetails/AdventureNearbyFacilitiesHeader.swift; sourceTree = "<group>"; };
		E0DE0DD61B41439A006DC165 /* AdventureNearbyFacilitiesHeader.xib */ = {isa = PBXFileReference; fileEncoding = 4; lastKnownFileType = file.xib; name = AdventureNearbyFacilitiesHeader.xib; path = AdventureDetails/AdventureNearbyFacilitiesHeader.xib; sourceTree = "<group>"; };
		E0DE0DD71B41439A006DC165 /* AdventureReviewsHeader.swift */ = {isa = PBXFileReference; fileEncoding = 4; lastKnownFileType = sourcecode.swift; name = AdventureReviewsHeader.swift; path = AdventureDetails/AdventureReviewsHeader.swift; sourceTree = "<group>"; };
		E0DE0DD81B41439A006DC165 /* AdventureReviewsHeader.xib */ = {isa = PBXFileReference; fileEncoding = 4; lastKnownFileType = file.xib; name = AdventureReviewsHeader.xib; path = AdventureDetails/AdventureReviewsHeader.xib; sourceTree = "<group>"; };
		E0DE0DD91B41439A006DC165 /* AdventureReviewsView.swift */ = {isa = PBXFileReference; fileEncoding = 4; lastKnownFileType = sourcecode.swift; name = AdventureReviewsView.swift; path = AdventureDetails/AdventureReviewsView.swift; sourceTree = "<group>"; };
		E0DE0DDA1B41439A006DC165 /* AdventureReviewsView.xib */ = {isa = PBXFileReference; fileEncoding = 4; lastKnownFileType = file.xib; name = AdventureReviewsView.xib; path = AdventureDetails/AdventureReviewsView.xib; sourceTree = "<group>"; };
		E0DE0DEB1B4143BA006DC165 /* ProfileCard.xib */ = {isa = PBXFileReference; fileEncoding = 4; lastKnownFileType = file.xib; name = ProfileCard.xib; path = UserProfile/ProfileCard.xib; sourceTree = "<group>"; };
		E0DE0DEC1B4143BB006DC165 /* ProfileView.swift */ = {isa = PBXFileReference; fileEncoding = 4; lastKnownFileType = sourcecode.swift; name = ProfileView.swift; path = UserProfile/ProfileView.swift; sourceTree = "<group>"; };
		E0DE0DED1B4143BB006DC165 /* StreamUserProfileView.xib */ = {isa = PBXFileReference; fileEncoding = 4; lastKnownFileType = file.xib; name = StreamUserProfileView.xib; path = UserProfile/StreamUserProfileView.xib; sourceTree = "<group>"; };
		E0DE0DEE1B4143BB006DC165 /* StreamUserProfileViewController.swift */ = {isa = PBXFileReference; fileEncoding = 4; lastKnownFileType = sourcecode.swift; name = StreamUserProfileViewController.swift; path = UserProfile/StreamUserProfileViewController.swift; sourceTree = "<group>"; };
		E0DE0DEF1B4143BB006DC165 /* UserProfileHeader.swift */ = {isa = PBXFileReference; fileEncoding = 4; lastKnownFileType = sourcecode.swift; name = UserProfileHeader.swift; path = UserProfile/UserProfileHeader.swift; sourceTree = "<group>"; };
		E0DE0DF01B4143BB006DC165 /* UserProfileHeader.xib */ = {isa = PBXFileReference; fileEncoding = 4; lastKnownFileType = file.xib; name = UserProfileHeader.xib; path = UserProfile/UserProfileHeader.xib; sourceTree = "<group>"; };
		E0DE0DF71B4143E1006DC165 /* CommentsView.swift */ = {isa = PBXFileReference; fileEncoding = 4; lastKnownFileType = sourcecode.swift; name = CommentsView.swift; path = DiscussionDetails/CommentsView.swift; sourceTree = "<group>"; };
		E0DE0DF81B4143E1006DC165 /* CommentsView.xib */ = {isa = PBXFileReference; fileEncoding = 4; lastKnownFileType = file.xib; name = CommentsView.xib; path = DiscussionDetails/CommentsView.xib; sourceTree = "<group>"; };
		E0DE0DF91B4143E1006DC165 /* DiscussionDescriptionView.swift */ = {isa = PBXFileReference; fileEncoding = 4; lastKnownFileType = sourcecode.swift; name = DiscussionDescriptionView.swift; path = DiscussionDetails/DiscussionDescriptionView.swift; sourceTree = "<group>"; };
		E0DE0DFA1B4143E1006DC165 /* DiscussionDescriptionView.xib */ = {isa = PBXFileReference; fileEncoding = 4; lastKnownFileType = file.xib; name = DiscussionDescriptionView.xib; path = DiscussionDetails/DiscussionDescriptionView.xib; sourceTree = "<group>"; };
		E0DE0DFB1B4143E1006DC165 /* DiscussionDetailCard.swift */ = {isa = PBXFileReference; fileEncoding = 4; lastKnownFileType = sourcecode.swift; name = DiscussionDetailCard.swift; path = DiscussionDetails/DiscussionDetailCard.swift; sourceTree = "<group>"; };
		E0DE0DFC1B4143E1006DC165 /* DiscussionDetailCard.xib */ = {isa = PBXFileReference; fileEncoding = 4; lastKnownFileType = file.xib; name = DiscussionDetailCard.xib; path = DiscussionDetails/DiscussionDetailCard.xib; sourceTree = "<group>"; };
		E0DE0DFD1B4143E1006DC165 /* DiscussionDetailHeader.swift */ = {isa = PBXFileReference; fileEncoding = 4; lastKnownFileType = sourcecode.swift; name = DiscussionDetailHeader.swift; path = DiscussionDetails/DiscussionDetailHeader.swift; sourceTree = "<group>"; };
		E0DE0DFE1B4143E1006DC165 /* DiscussionDetailHeader.xib */ = {isa = PBXFileReference; fileEncoding = 4; lastKnownFileType = file.xib; name = DiscussionDetailHeader.xib; path = DiscussionDetails/DiscussionDetailHeader.xib; sourceTree = "<group>"; };
		E0DE0DFF1B4143E1006DC165 /* DiscussionDetailView.xib */ = {isa = PBXFileReference; fileEncoding = 4; lastKnownFileType = file.xib; name = DiscussionDetailView.xib; path = DiscussionDetails/DiscussionDetailView.xib; sourceTree = "<group>"; };
		E0DE0E001B4143E1006DC165 /* DiscussionDetailViewController.swift */ = {isa = PBXFileReference; fileEncoding = 4; lastKnownFileType = sourcecode.swift; name = DiscussionDetailViewController.swift; path = DiscussionDetails/DiscussionDetailViewController.swift; sourceTree = "<group>"; };
		E0DE0E0B1B4143F6006DC165 /* StreamActivityCard.swift */ = {isa = PBXFileReference; fileEncoding = 4; lastKnownFileType = sourcecode.swift; name = StreamActivityCard.swift; path = StreamCards/StreamActivityCard.swift; sourceTree = "<group>"; };
		E0DE0E0C1B4143F6006DC165 /* StreamActivityCard.xib */ = {isa = PBXFileReference; fileEncoding = 4; lastKnownFileType = file.xib; name = StreamActivityCard.xib; path = StreamCards/StreamActivityCard.xib; sourceTree = "<group>"; };
		E0DE0E0D1B4143F6006DC165 /* StreamAdventureCard.swift */ = {isa = PBXFileReference; fileEncoding = 4; lastKnownFileType = sourcecode.swift; name = StreamAdventureCard.swift; path = StreamCards/StreamAdventureCard.swift; sourceTree = "<group>"; };
		E0DE0E0E1B4143F6006DC165 /* StreamAdventureCard.xib */ = {isa = PBXFileReference; fileEncoding = 4; lastKnownFileType = file.xib; name = StreamAdventureCard.xib; path = StreamCards/StreamAdventureCard.xib; sourceTree = "<group>"; };
		E0DE0E0F1B4143F6006DC165 /* StreamArticleCard.swift */ = {isa = PBXFileReference; fileEncoding = 4; lastKnownFileType = sourcecode.swift; name = StreamArticleCard.swift; path = StreamCards/StreamArticleCard.swift; sourceTree = "<group>"; };
		E0DE0E101B4143F6006DC165 /* StreamArticleCard.xib */ = {isa = PBXFileReference; fileEncoding = 4; lastKnownFileType = file.xib; name = StreamArticleCard.xib; path = StreamCards/StreamArticleCard.xib; sourceTree = "<group>"; };
		E0DE0E111B4143F6006DC165 /* StreamDiscussionCard.swift */ = {isa = PBXFileReference; fileEncoding = 4; lastKnownFileType = sourcecode.swift; name = StreamDiscussionCard.swift; path = StreamCards/StreamDiscussionCard.swift; sourceTree = "<group>"; };
		E0DE0E121B4143F6006DC165 /* StreamDiscussionCard.xib */ = {isa = PBXFileReference; fileEncoding = 4; lastKnownFileType = file.xib; name = StreamDiscussionCard.xib; path = StreamCards/StreamDiscussionCard.xib; sourceTree = "<group>"; };
		E0DE0E131B4143F6006DC165 /* StreamFollowCard.swift */ = {isa = PBXFileReference; fileEncoding = 4; lastKnownFileType = sourcecode.swift; name = StreamFollowCard.swift; path = StreamCards/StreamFollowCard.swift; sourceTree = "<group>"; };
		E0DE0E141B4143F6006DC165 /* StreamFollowCard.xib */ = {isa = PBXFileReference; fileEncoding = 4; lastKnownFileType = file.xib; name = StreamFollowCard.xib; path = StreamCards/StreamFollowCard.xib; sourceTree = "<group>"; };
		E0DE0E151B4143F6006DC165 /* StreamTableViewController.swift */ = {isa = PBXFileReference; fileEncoding = 4; lastKnownFileType = sourcecode.swift; name = StreamTableViewController.swift; path = StreamCards/StreamTableViewController.swift; sourceTree = "<group>"; };
		E0DE0E211B414450006DC165 /* ArticleCommentsHeaderView.swift */ = {isa = PBXFileReference; fileEncoding = 4; lastKnownFileType = sourcecode.swift; name = ArticleCommentsHeaderView.swift; path = ArticleDetails/ArticleCommentsHeaderView.swift; sourceTree = "<group>"; };
		E0DE0E221B414450006DC165 /* ArticleCommentsHeaderView.xib */ = {isa = PBXFileReference; fileEncoding = 4; lastKnownFileType = file.xib; name = ArticleCommentsHeaderView.xib; path = ArticleDetails/ArticleCommentsHeaderView.xib; sourceTree = "<group>"; };
		E0DE0E231B414450006DC165 /* ArticleCommentsView.swift */ = {isa = PBXFileReference; fileEncoding = 4; lastKnownFileType = sourcecode.swift; name = ArticleCommentsView.swift; path = ArticleDetails/ArticleCommentsView.swift; sourceTree = "<group>"; };
		E0DE0E241B414450006DC165 /* ArticleCommentsView.xib */ = {isa = PBXFileReference; fileEncoding = 4; lastKnownFileType = file.xib; name = ArticleCommentsView.xib; path = ArticleDetails/ArticleCommentsView.xib; sourceTree = "<group>"; };
		E0DE0E251B414450006DC165 /* ArticleContentView.swift */ = {isa = PBXFileReference; fileEncoding = 4; lastKnownFileType = sourcecode.swift; name = ArticleContentView.swift; path = ArticleDetails/ArticleContentView.swift; sourceTree = "<group>"; };
		E0DE0E261B414450006DC165 /* ArticleContentView.xib */ = {isa = PBXFileReference; fileEncoding = 4; lastKnownFileType = file.xib; name = ArticleContentView.xib; path = ArticleDetails/ArticleContentView.xib; sourceTree = "<group>"; };
		E0DE0E271B414450006DC165 /* ArticleDetailCard.swift */ = {isa = PBXFileReference; fileEncoding = 4; lastKnownFileType = sourcecode.swift; name = ArticleDetailCard.swift; path = ArticleDetails/ArticleDetailCard.swift; sourceTree = "<group>"; };
		E0DE0E281B414450006DC165 /* ArticleDetailCard.xib */ = {isa = PBXFileReference; fileEncoding = 4; lastKnownFileType = file.xib; name = ArticleDetailCard.xib; path = ArticleDetails/ArticleDetailCard.xib; sourceTree = "<group>"; };
		E0DE0E291B414450006DC165 /* ArticleDetailView.xib */ = {isa = PBXFileReference; fileEncoding = 4; lastKnownFileType = file.xib; name = ArticleDetailView.xib; path = ArticleDetails/ArticleDetailView.xib; sourceTree = "<group>"; };
		E0DE0E2A1B414450006DC165 /* ArticleDetailViewController.swift */ = {isa = PBXFileReference; fileEncoding = 4; lastKnownFileType = sourcecode.swift; name = ArticleDetailViewController.swift; path = ArticleDetails/ArticleDetailViewController.swift; sourceTree = "<group>"; };
		E8AE279A848C1B2B6A73F743 /* Pods-Fitrangi.debug.xcconfig */ = {isa = PBXFileReference; includeInIndex = 1; lastKnownFileType = text.xcconfig; name = "Pods-Fitrangi.debug.xcconfig"; path = "Pods/Target Support Files/Pods-Fitrangi/Pods-Fitrangi.debug.xcconfig"; sourceTree = "<group>"; };
/* End PBXFileReference section */

/* Begin PBXFrameworksBuildPhase section */
		75B4CA961B281788002BAC09 /* Frameworks */ = {
			isa = PBXFrameworksBuildPhase;
			buildActionMask = 2147483647;
			files = (
				B3C777F1C4D23E5142DCFBE1 /* Pods_Fitrangi.framework in Frameworks */,
			);
			runOnlyForDeploymentPostprocessing = 0;
		};
		75B4CAAD1B281788002BAC09 /* Frameworks */ = {
			isa = PBXFrameworksBuildPhase;
			buildActionMask = 2147483647;
			files = (
			);
			runOnlyForDeploymentPostprocessing = 0;
		};
/* End PBXFrameworksBuildPhase section */

/* Begin PBXGroup section */
		2A728F75D5AABFB2BFED68F1 /* Pods */ = {
			isa = PBXGroup;
			children = (
				E8AE279A848C1B2B6A73F743 /* Pods-Fitrangi.debug.xcconfig */,
				39D5961F6F51C99107F77688 /* Pods-Fitrangi.release.xcconfig */,
			);
			name = Pods;
			sourceTree = "<group>";
		};
		75B4CA901B281788002BAC09 = {
			isa = PBXGroup;
			children = (
				75B4CA9B1B281788002BAC09 /* Fitrangi */,
				75B4CAB31B281788002BAC09 /* FitrangiTests */,
				75B4CA9A1B281788002BAC09 /* Products */,
				2A728F75D5AABFB2BFED68F1 /* Pods */,
				BDB45FD5C06A6B8D14CD153A /* Frameworks */,
			);
			sourceTree = "<group>";
		};
		75B4CA9A1B281788002BAC09 /* Products */ = {
			isa = PBXGroup;
			children = (
				75B4CA991B281788002BAC09 /* Fitrangi.app */,
				75B4CAB01B281788002BAC09 /* FitrangiTests.xctest */,
			);
			name = Products;
			sourceTree = "<group>";
		};
		75B4CA9B1B281788002BAC09 /* Fitrangi */ = {
			isa = PBXGroup;
			children = (
				75B4CAC41B281883002BAC09 /* FitrangiKit */,
				75B4CACB1B281883002BAC09 /* FontAwesome.ttf */,
				75B4CADF1B281883002BAC09 /* Stream */,
				75B4CA9E1B281788002BAC09 /* AppDelegate.swift */,
				75B4CAA41B281788002BAC09 /* Main.storyboard */,
				75B4CAA71B281788002BAC09 /* Images.xcassets */,
				75B4CAA91B281788002BAC09 /* LaunchScreen.xib */,
				75B4CA9C1B281788002BAC09 /* Supporting Files */,
				75B4CB101B28230F002BAC09 /* Fitangi-Bridging-Header.h */,
			);
			path = Fitrangi;
			sourceTree = "<group>";
		};
		75B4CA9C1B281788002BAC09 /* Supporting Files */ = {
			isa = PBXGroup;
			children = (
				75B4CA9D1B281788002BAC09 /* Info.plist */,
			);
			name = "Supporting Files";
			sourceTree = "<group>";
		};
		75B4CAB31B281788002BAC09 /* FitrangiTests */ = {
			isa = PBXGroup;
			children = (
				75B4CAB61B281788002BAC09 /* FitrangiTests.swift */,
				75B4CAB41B281788002BAC09 /* Supporting Files */,
			);
			path = FitrangiTests;
			sourceTree = "<group>";
		};
		75B4CAB41B281788002BAC09 /* Supporting Files */ = {
			isa = PBXGroup;
			children = (
				75B4CAB51B281788002BAC09 /* Info.plist */,
			);
			name = "Supporting Files";
			sourceTree = "<group>";
		};
		75B4CAC41B281883002BAC09 /* FitrangiKit */ = {
			isa = PBXGroup;
			children = (
				75B4CB711B3055B0002BAC09 /* Comms */,
				75B4CB3E1B300B06002BAC09 /* SDWebImage */,
				75B4CAC51B281883002BAC09 /* CustomViews */,
				75B4CAC81B281883002BAC09 /* Utils */,
			);
			path = FitrangiKit;
			sourceTree = "<group>";
		};
		75B4CAC51B281883002BAC09 /* CustomViews */ = {
			isa = PBXGroup;
			children = (
				75B4CAC21B281883002BAC09 /* CustomView.swift */,
				75B4CAC11B281883002BAC09 /* AsyncImageView.swift */,
				75B4CAC01B281883002BAC09 /* Async.swift */,
				75B4CADE1B281883002BAC09 /* SimpleAutoLayoutView.swift */,
				75B4CAC61B281883002BAC09 /* ContainerView.swift */,
			);
			path = CustomViews;
			sourceTree = "<group>";
		};
		75B4CAC81B281883002BAC09 /* Utils */ = {
			isa = PBXGroup;
			children = (
				75B4CAC91B281883002BAC09 /* FontAwesome.swift */,
				75B4CB0C1B281D9F002BAC09 /* UIImageViewObjectiveCBridge.m */,
				75B4CACA1B281883002BAC09 /* LayoutConstraintsFactory.swift */,
				75B4CB0F1B281FF6002BAC09 /* UIImageViewObjectiveCBridge.h */,
				75B4CB081B281ADF002BAC09 /* UIView.swift */,
				75B4CB0A1B281BCC002BAC09 /* UIImageView.swift */,
			);
			path = Utils;
			sourceTree = "<group>";
		};
		75B4CADF1B281883002BAC09 /* Stream */ = {
			isa = PBXGroup;
			children = (
				E0DE0E211B414450006DC165 /* ArticleCommentsHeaderView.swift */,
				E0DE0E221B414450006DC165 /* ArticleCommentsHeaderView.xib */,
				E0DE0E231B414450006DC165 /* ArticleCommentsView.swift */,
				E0DE0E241B414450006DC165 /* ArticleCommentsView.xib */,
				E0DE0E251B414450006DC165 /* ArticleContentView.swift */,
				E0DE0E261B414450006DC165 /* ArticleContentView.xib */,
				E0DE0E271B414450006DC165 /* ArticleDetailCard.swift */,
				E0DE0E281B414450006DC165 /* ArticleDetailCard.xib */,
				E0DE0DEB1B4143BA006DC165 /* ProfileCard.xib */,
				E0DE0E291B414450006DC165 /* ArticleDetailView.xib */,
				E0DE0E2A1B414450006DC165 /* ArticleDetailViewController.swift */,
				E0DE0DCB1B41439A006DC165 /* AdventureAboutHeader.swift */,
				E0DE0DCC1B41439A006DC165 /* AdventureAboutHeader.xib */,
				E0DE0DCD1B41439A006DC165 /* AdventureAboutView.swift */,
				E0DE0DF71B4143E1006DC165 /* CommentsView.swift */,
				E0DE0DCE1B41439A006DC165 /* AdventureAboutView.xib */,
				E0DE0DCF1B41439A006DC165 /* AdventureDetailCard.swift */,
				E0DE0DFB1B4143E1006DC165 /* DiscussionDetailCard.swift */,
				E0DE0DD01B41439A006DC165 /* AdventureDetailCard.xib */,
				E0DE0DD11B41439A006DC165 /* AdventureDetailView.xib */,
				E0DE0DD21B41439A006DC165 /* AdventureDetailViewController.swift */,
				E0DE0DD31B41439A006DC165 /* AdventureHowToReachHeader.swift */,
				E0DE0DD41B41439A006DC165 /* AdventureHowToReachHeader.xib */,
				E0DE0DD51B41439A006DC165 /* AdventureNearbyFacilitiesHeader.swift */,
				E0DE0DD61B41439A006DC165 /* AdventureNearbyFacilitiesHeader.xib */,
				E0DE0DD71B41439A006DC165 /* AdventureReviewsHeader.swift */,
				E0DE0DEC1B4143BB006DC165 /* ProfileView.swift */,
				E0DE0DFF1B4143E1006DC165 /* DiscussionDetailView.xib */,
				E0DE0DED1B4143BB006DC165 /* StreamUserProfileView.xib */,
				E0DE0DEE1B4143BB006DC165 /* StreamUserProfileViewController.swift */,
				E0DE0DEF1B4143BB006DC165 /* UserProfileHeader.swift */,
				E0DE0DF81B4143E1006DC165 /* CommentsView.xib */,
				E0DE0DF91B4143E1006DC165 /* DiscussionDescriptionView.swift */,
				E0DE0DFA1B4143E1006DC165 /* DiscussionDescriptionView.xib */,
				E0DE0DFC1B4143E1006DC165 /* DiscussionDetailCard.xib */,
				E0DE0DFD1B4143E1006DC165 /* DiscussionDetailHeader.swift */,
				E0DE0DFE1B4143E1006DC165 /* DiscussionDetailHeader.xib */,
				E0DE0E001B4143E1006DC165 /* DiscussionDetailViewController.swift */,
				E0DE0DF01B4143BB006DC165 /* UserProfileHeader.xib */,
				E0DE0DD81B41439A006DC165 /* AdventureReviewsHeader.xib */,
				E0DE0DD91B41439A006DC165 /* AdventureReviewsView.swift */,
				E0DE0E0B1B4143F6006DC165 /* StreamActivityCard.swift */,
				E0DE0E0C1B4143F6006DC165 /* StreamActivityCard.xib */,
				E0DE0E0D1B4143F6006DC165 /* StreamAdventureCard.swift */,
				E0DE0E0E1B4143F6006DC165 /* StreamAdventureCard.xib */,
				E0DE0E0F1B4143F6006DC165 /* StreamArticleCard.swift */,
				E0DE0E101B4143F6006DC165 /* StreamArticleCard.xib */,
				E0DE0E111B4143F6006DC165 /* StreamDiscussionCard.swift */,
				E0DE0E121B4143F6006DC165 /* StreamDiscussionCard.xib */,
				E0DE0E131B4143F6006DC165 /* StreamFollowCard.swift */,
				E0DE0E141B4143F6006DC165 /* StreamFollowCard.xib */,
				E0DE0E151B4143F6006DC165 /* StreamTableViewController.swift */,
				E0DE0DDA1B41439A006DC165 /* AdventureReviewsView.xib */,
				E0D7A20E1B33FC7B0010D9D5 /* LoginViewController.swift */,
				E0D651061B4162930048E776 /* AdventureHowToReachView.xib */,
				E0D651081B4162BD0048E776 /* AdventureHowToReachView.swift */,
				E0D6510A1B41651C0048E776 /* AdventureNearbyFacilitiesView.xib */,
				E0D6510C1B41653D0048E776 /* AdventureNearbyFacilitiesView.swift */,
				E0D70B871B4278F300B84E8E /* FollowersView.xib */,
				E0D70B891B427ADB00B84E8E /* FollowersViewController.swift */,
				E0D70B8B1B427D4A00B84E8E /* FollowersCard.xib */,
				E0D70B8D1B427D5C00B84E8E /* FollowersCard.swift */,
				E0D70B8F1B4287BA00B84E8E /* FollowersHeader.xib */,
				E0D70B911B4287D400B84E8E /* FollowersHeader.swift */,
			);
			path = Stream;
			sourceTree = "<group>";
		};
		75B4CB3E1B300B06002BAC09 /* SDWebImage */ = {
			isa = PBXGroup;
			children = (
				75B4CB3F1B300B29002BAC09 /* NSData+ImageContentType.h */,
				75B4CB401B300B29002BAC09 /* NSData+ImageContentType.m */,
				75B4CB411B300B29002BAC09 /* SDImageCache.h */,
				75B4CB421B300B29002BAC09 /* SDImageCache.m */,
				75B4CB431B300B29002BAC09 /* SDWebImageCompat.h */,
				75B4CB441B300B29002BAC09 /* SDWebImageCompat.m */,
				75B4CB451B300B29002BAC09 /* SDWebImageDecoder.h */,
				75B4CB461B300B29002BAC09 /* SDWebImageDecoder.m */,
				75B4CB471B300B29002BAC09 /* SDWebImageDownloader.h */,
				75B4CB481B300B29002BAC09 /* SDWebImageDownloader.m */,
				75B4CB491B300B29002BAC09 /* SDWebImageDownloaderOperation.h */,
				75B4CB4A1B300B29002BAC09 /* SDWebImageDownloaderOperation.m */,
				75B4CB4B1B300B29002BAC09 /* SDWebImageManager.h */,
				75B4CB4C1B300B29002BAC09 /* SDWebImageManager.m */,
				75B4CB4D1B300B29002BAC09 /* SDWebImageOperation.h */,
				75B4CB4E1B300B29002BAC09 /* SDWebImagePrefetcher.h */,
				75B4CB4F1B300B29002BAC09 /* SDWebImagePrefetcher.m */,
				75B4CB501B300B29002BAC09 /* UIButton+WebCache.h */,
				75B4CB511B300B29002BAC09 /* UIButton+WebCache.m */,
				75B4CB521B300B29002BAC09 /* UIImage+GIF.h */,
				75B4CB531B300B29002BAC09 /* UIImage+GIF.m */,
				75B4CB541B300B29002BAC09 /* UIImage+MultiFormat.h */,
				75B4CB551B300B29002BAC09 /* UIImage+MultiFormat.m */,
				75B4CB561B300B29002BAC09 /* UIImageView+HighlightedWebCache.h */,
				75B4CB571B300B29002BAC09 /* UIImageView+HighlightedWebCache.m */,
				75B4CB581B300B29002BAC09 /* UIImageView+WebCache.h */,
				75B4CB591B300B29002BAC09 /* UIImageView+WebCache.m */,
				75B4CB5A1B300B29002BAC09 /* UIView+WebCacheOperation.h */,
				75B4CB5B1B300B29002BAC09 /* UIView+WebCacheOperation.m */,
			);
			name = SDWebImage;
			path = ExternalLibs/SDWebImage;
			sourceTree = "<group>";
		};
		75B4CB711B3055B0002BAC09 /* Comms */ = {
			isa = PBXGroup;
			children = (
				75B4CB721B3055CC002BAC09 /* WebRequestExecutor.swift */,
				75BFF5E91B3596F100340EEC /* UserDefaultsBase.swift */,
			);
			path = Comms;
			sourceTree = "<group>";
		};
		BDB45FD5C06A6B8D14CD153A /* Frameworks */ = {
			isa = PBXGroup;
			children = (
				4E91EE4743B46323812CDA14 /* Pods_Fitrangi.framework */,
			);
			name = Frameworks;
			sourceTree = "<group>";
		};
/* End PBXGroup section */

/* Begin PBXNativeTarget section */
		75B4CA981B281788002BAC09 /* Fitrangi */ = {
			isa = PBXNativeTarget;
			buildConfigurationList = 75B4CABA1B281788002BAC09 /* Build configuration list for PBXNativeTarget "Fitrangi" */;
			buildPhases = (
				B33B1814636616CE4D4F80E6 /* Check Pods Manifest.lock */,
				75B4CA951B281788002BAC09 /* Sources */,
				75B4CA961B281788002BAC09 /* Frameworks */,
				75B4CA971B281788002BAC09 /* Resources */,
				A9D421B0D958D63EB894DC47 /* Embed Pods Frameworks */,
				DD9A2A80A29772D0AAE3A5E5 /* Copy Pods Resources */,
			);
			buildRules = (
			);
			dependencies = (
			);
			name = Fitrangi;
			productName = Fitrangi;
			productReference = 75B4CA991B281788002BAC09 /* Fitrangi.app */;
			productType = "com.apple.product-type.application";
		};
		75B4CAAF1B281788002BAC09 /* FitrangiTests */ = {
			isa = PBXNativeTarget;
			buildConfigurationList = 75B4CABD1B281788002BAC09 /* Build configuration list for PBXNativeTarget "FitrangiTests" */;
			buildPhases = (
				75B4CAAC1B281788002BAC09 /* Sources */,
				75B4CAAD1B281788002BAC09 /* Frameworks */,
				75B4CAAE1B281788002BAC09 /* Resources */,
			);
			buildRules = (
			);
			dependencies = (
				75B4CAB21B281788002BAC09 /* PBXTargetDependency */,
			);
			name = FitrangiTests;
			productName = FitrangiTests;
			productReference = 75B4CAB01B281788002BAC09 /* FitrangiTests.xctest */;
			productType = "com.apple.product-type.bundle.unit-test";
		};
/* End PBXNativeTarget section */

/* Begin PBXProject section */
		75B4CA911B281788002BAC09 /* Project object */ = {
			isa = PBXProject;
			attributes = {
				LastUpgradeCheck = 0630;
				ORGANIZATIONNAME = Fitrangi;
				TargetAttributes = {
					75B4CA981B281788002BAC09 = {
						CreatedOnToolsVersion = 6.3.2;
					};
					75B4CAAF1B281788002BAC09 = {
						CreatedOnToolsVersion = 6.3.2;
						TestTargetID = 75B4CA981B281788002BAC09;
					};
				};
			};
			buildConfigurationList = 75B4CA941B281788002BAC09 /* Build configuration list for PBXProject "Fitrangi" */;
			compatibilityVersion = "Xcode 3.2";
			developmentRegion = English;
			hasScannedForEncodings = 0;
			knownRegions = (
				en,
				Base,
			);
			mainGroup = 75B4CA901B281788002BAC09;
			productRefGroup = 75B4CA9A1B281788002BAC09 /* Products */;
			projectDirPath = "";
			projectRoot = "";
			targets = (
				75B4CA981B281788002BAC09 /* Fitrangi */,
				75B4CAAF1B281788002BAC09 /* FitrangiTests */,
			);
		};
/* End PBXProject section */

/* Begin PBXResourcesBuildPhase section */
		75B4CA971B281788002BAC09 /* Resources */ = {
			isa = PBXResourcesBuildPhase;
			buildActionMask = 2147483647;
			files = (
				E0DE0E041B4143E1006DC165 /* DiscussionDescriptionView.xib in Resources */,
				E0DE0E021B4143E1006DC165 /* CommentsView.xib in Resources */,
				E0DE0E2C1B414450006DC165 /* ArticleCommentsHeaderView.xib in Resources */,
				E0DE0DF11B4143BB006DC165 /* ProfileCard.xib in Resources */,
				E0DE0DE01B41439A006DC165 /* AdventureDetailCard.xib in Resources */,
				E0DE0DDC1B41439A006DC165 /* AdventureAboutHeader.xib in Resources */,
				E0DE0DDE1B41439A006DC165 /* AdventureAboutView.xib in Resources */,
				E0DE0E091B4143E1006DC165 /* DiscussionDetailView.xib in Resources */,
				E0DE0DE11B41439A006DC165 /* AdventureDetailView.xib in Resources */,
				E0DE0DF31B4143BB006DC165 /* StreamUserProfileView.xib in Resources */,
				75B4CAA61B281788002BAC09 /* Main.storyboard in Resources */,
				E0D6510B1B41651C0048E776 /* AdventureNearbyFacilitiesView.xib in Resources */,
				E0DE0E171B4143F6006DC165 /* StreamActivityCard.xib in Resources */,
				E0DE0E2E1B414450006DC165 /* ArticleCommentsView.xib in Resources */,
				E0DE0DF61B4143BB006DC165 /* UserProfileHeader.xib in Resources */,
				E0DE0E331B414450006DC165 /* ArticleDetailView.xib in Resources */,
				E0DE0E321B414450006DC165 /* ArticleDetailCard.xib in Resources */,
				E0DE0E1D1B4143F6006DC165 /* StreamDiscussionCard.xib in Resources */,
				E0DE0DE61B41439A006DC165 /* AdventureNearbyFacilitiesHeader.xib in Resources */,
				E0D651071B4162930048E776 /* AdventureHowToReachView.xib in Resources */,
				75B4CAAB1B281788002BAC09 /* LaunchScreen.xib in Resources */,
				E0DE0E1B1B4143F6006DC165 /* StreamArticleCard.xib in Resources */,
				75B4CAA81B281788002BAC09 /* Images.xcassets in Resources */,
				E0D70B901B4287BA00B84E8E /* FollowersHeader.xib in Resources */,
				E0DE0E191B4143F6006DC165 /* StreamAdventureCard.xib in Resources */,
				E0DE0E061B4143E1006DC165 /* DiscussionDetailCard.xib in Resources */,
				E0DE0E301B414450006DC165 /* ArticleContentView.xib in Resources */,
				E0DE0E081B4143E1006DC165 /* DiscussionDetailHeader.xib in Resources */,
				E0D70B8C1B427D4A00B84E8E /* FollowersCard.xib in Resources */,
				E0DE0DEA1B41439A006DC165 /* AdventureReviewsView.xib in Resources */,
				75B4CAF51B281883002BAC09 /* FontAwesome.ttf in Resources */,
				E0DE0DE41B41439A006DC165 /* AdventureHowToReachHeader.xib in Resources */,
				E0DE0E1F1B4143F6006DC165 /* StreamFollowCard.xib in Resources */,
				E0D70B881B4278F300B84E8E /* FollowersView.xib in Resources */,
				E0DE0DE81B41439A006DC165 /* AdventureReviewsHeader.xib in Resources */,
			);
			runOnlyForDeploymentPostprocessing = 0;
		};
		75B4CAAE1B281788002BAC09 /* Resources */ = {
			isa = PBXResourcesBuildPhase;
			buildActionMask = 2147483647;
			files = (
			);
			runOnlyForDeploymentPostprocessing = 0;
		};
/* End PBXResourcesBuildPhase section */

/* Begin PBXShellScriptBuildPhase section */
		A9D421B0D958D63EB894DC47 /* Embed Pods Frameworks */ = {
			isa = PBXShellScriptBuildPhase;
			buildActionMask = 2147483647;
			files = (
			);
			inputPaths = (
			);
			name = "Embed Pods Frameworks";
			outputPaths = (
			);
			runOnlyForDeploymentPostprocessing = 0;
			shellPath = /bin/sh;
			shellScript = "\"${SRCROOT}/Pods/Target Support Files/Pods-Fitrangi/Pods-Fitrangi-frameworks.sh\"\n";
			showEnvVarsInLog = 0;
		};
		B33B1814636616CE4D4F80E6 /* Check Pods Manifest.lock */ = {
			isa = PBXShellScriptBuildPhase;
			buildActionMask = 2147483647;
			files = (
			);
			inputPaths = (
			);
			name = "Check Pods Manifest.lock";
			outputPaths = (
			);
			runOnlyForDeploymentPostprocessing = 0;
			shellPath = /bin/sh;
			shellScript = "diff \"${PODS_ROOT}/../Podfile.lock\" \"${PODS_ROOT}/Manifest.lock\" > /dev/null\nif [[ $? != 0 ]] ; then\n    cat << EOM\nerror: The sandbox is not in sync with the Podfile.lock. Run 'pod install' or update your CocoaPods installation.\nEOM\n    exit 1\nfi\n";
			showEnvVarsInLog = 0;
		};
		DD9A2A80A29772D0AAE3A5E5 /* Copy Pods Resources */ = {
			isa = PBXShellScriptBuildPhase;
			buildActionMask = 2147483647;
			files = (
			);
			inputPaths = (
			);
			name = "Copy Pods Resources";
			outputPaths = (
			);
			runOnlyForDeploymentPostprocessing = 0;
			shellPath = /bin/sh;
			shellScript = "\"${SRCROOT}/Pods/Target Support Files/Pods-Fitrangi/Pods-Fitrangi-resources.sh\"\n";
			showEnvVarsInLog = 0;
		};
/* End PBXShellScriptBuildPhase section */

/* Begin PBXSourcesBuildPhase section */
		75B4CA951B281788002BAC09 /* Sources */ = {
			isa = PBXSourcesBuildPhase;
			buildActionMask = 2147483647;
			files = (
				75B4CB091B281ADF002BAC09 /* UIView.swift in Sources */,
				75B4CB0B1B281BCC002BAC09 /* UIImageView.swift in Sources */,
				E0DE0E011B4143E1006DC165 /* CommentsView.swift in Sources */,
				75B4CAFE1B281883002BAC09 /* SimpleAutoLayoutView.swift in Sources */,
				75B4CB0D1B281D9F002BAC09 /* UIImageViewObjectiveCBridge.m in Sources */,
				E0DE0E1E1B4143F6006DC165 /* StreamFollowCard.swift in Sources */,
				E0DE0DE91B41439A006DC165 /* AdventureReviewsView.swift in Sources */,
				E0DE0E071B4143E1006DC165 /* DiscussionDetailHeader.swift in Sources */,
				E0DE0E0A1B4143E1006DC165 /* DiscussionDetailViewController.swift in Sources */,
				75B4CAF41B281883002BAC09 /* LayoutConstraintsFactory.swift in Sources */,
				E0D6510D1B41653D0048E776 /* AdventureNearbyFacilitiesView.swift in Sources */,
				E0DE0DE51B41439A006DC165 /* AdventureNearbyFacilitiesHeader.swift in Sources */,
				E0DE0E201B4143F6006DC165 /* StreamTableViewController.swift in Sources */,
				75BFF5EA1B3596F100340EEC /* UserDefaultsBase.swift in Sources */,
				75B4CB611B300B29002BAC09 /* SDWebImageDownloaderOperation.m in Sources */,
				E0DE0DF51B4143BB006DC165 /* UserProfileHeader.swift in Sources */,
				75B4CB5D1B300B29002BAC09 /* SDImageCache.m in Sources */,
				75B4CAEF1B281883002BAC09 /* Async.swift in Sources */,
				E0DE0E181B4143F6006DC165 /* StreamAdventureCard.swift in Sources */,
				E0DE0DE21B41439A006DC165 /* AdventureDetailViewController.swift in Sources */,
				75B4CA9F1B281788002BAC09 /* AppDelegate.swift in Sources */,
				E0DE0E1A1B4143F6006DC165 /* StreamArticleCard.swift in Sources */,
				75B4CAF11B281883002BAC09 /* CustomView.swift in Sources */,
				75B4CB671B300B29002BAC09 /* UIImageView+HighlightedWebCache.m in Sources */,
				E0DE0E2F1B414450006DC165 /* ArticleContentView.swift in Sources */,
				E0DE0E2B1B414450006DC165 /* ArticleCommentsHeaderView.swift in Sources */,
				75B4CB5E1B300B29002BAC09 /* SDWebImageCompat.m in Sources */,
				E0DE0E051B4143E1006DC165 /* DiscussionDetailCard.swift in Sources */,
				E0DE0DDD1B41439A006DC165 /* AdventureAboutView.swift in Sources */,
				E0DE0E1C1B4143F6006DC165 /* StreamDiscussionCard.swift in Sources */,
				E0DE0DE31B41439A006DC165 /* AdventureHowToReachHeader.swift in Sources */,
				75B4CB5C1B300B29002BAC09 /* NSData+ImageContentType.m in Sources */,
				75B4CAF31B281883002BAC09 /* FontAwesome.swift in Sources */,
				E0D70B8E1B427D5C00B84E8E /* FollowersCard.swift in Sources */,
				E0DE0DDB1B41439A006DC165 /* AdventureAboutHeader.swift in Sources */,
				E0D70B8A1B427ADC00B84E8E /* FollowersViewController.swift in Sources */,
				75B4CB621B300B29002BAC09 /* SDWebImageManager.m in Sources */,
				E0DE0E161B4143F6006DC165 /* StreamActivityCard.swift in Sources */,
				75B4CB601B300B29002BAC09 /* SDWebImageDownloader.m in Sources */,
				75B4CB651B300B29002BAC09 /* UIImage+GIF.m in Sources */,
				E0DE0E311B414450006DC165 /* ArticleDetailCard.swift in Sources */,
				E0DE0DF41B4143BB006DC165 /* StreamUserProfileViewController.swift in Sources */,
				75B4CAF01B281883002BAC09 /* AsyncImageView.swift in Sources */,
				E0DE0E031B4143E1006DC165 /* DiscussionDescriptionView.swift in Sources */,
				75B4CB631B300B29002BAC09 /* SDWebImagePrefetcher.m in Sources */,
				75B4CB641B300B29002BAC09 /* UIButton+WebCache.m in Sources */,
				E0D70B921B4287D400B84E8E /* FollowersHeader.swift in Sources */,
				75B4CB681B300B29002BAC09 /* UIImageView+WebCache.m in Sources */,
				75B4CB691B300B29002BAC09 /* UIView+WebCacheOperation.m in Sources */,
				75B4CB731B3055CC002BAC09 /* WebRequestExecutor.swift in Sources */,
				75B4CB661B300B29002BAC09 /* UIImage+MultiFormat.m in Sources */,
				E0DE0DDF1B41439A006DC165 /* AdventureDetailCard.swift in Sources */,
				E0DE0DE71B41439A006DC165 /* AdventureReviewsHeader.swift in Sources */,
				E0D7A20F1B33FC7B0010D9D5 /* LoginViewController.swift in Sources */,
				75B4CB5F1B300B29002BAC09 /* SDWebImageDecoder.m in Sources */,
				E0DE0E2D1B414450006DC165 /* ArticleCommentsView.swift in Sources */,
				75B4CAF21B281883002BAC09 /* ContainerView.swift in Sources */,
				E0D651091B4162BD0048E776 /* AdventureHowToReachView.swift in Sources */,
				E0DE0DF21B4143BB006DC165 /* ProfileView.swift in Sources */,
				E0DE0E341B414450006DC165 /* ArticleDetailViewController.swift in Sources */,
			);
			runOnlyForDeploymentPostprocessing = 0;
		};
		75B4CAAC1B281788002BAC09 /* Sources */ = {
			isa = PBXSourcesBuildPhase;
			buildActionMask = 2147483647;
			files = (
				75B4CAB71B281788002BAC09 /* FitrangiTests.swift in Sources */,
			);
			runOnlyForDeploymentPostprocessing = 0;
		};
/* End PBXSourcesBuildPhase section */

/* Begin PBXTargetDependency section */
		75B4CAB21B281788002BAC09 /* PBXTargetDependency */ = {
			isa = PBXTargetDependency;
			target = 75B4CA981B281788002BAC09 /* Fitrangi */;
			targetProxy = 75B4CAB11B281788002BAC09 /* PBXContainerItemProxy */;
		};
/* End PBXTargetDependency section */

/* Begin PBXVariantGroup section */
		75B4CAA41B281788002BAC09 /* Main.storyboard */ = {
			isa = PBXVariantGroup;
			children = (
				75B4CAA51B281788002BAC09 /* Base */,
			);
			name = Main.storyboard;
			sourceTree = "<group>";
		};
		75B4CAA91B281788002BAC09 /* LaunchScreen.xib */ = {
			isa = PBXVariantGroup;
			children = (
				75B4CAAA1B281788002BAC09 /* Base */,
			);
			name = LaunchScreen.xib;
			sourceTree = "<group>";
		};
/* End PBXVariantGroup section */

/* Begin XCBuildConfiguration section */
		75B4CAB81B281788002BAC09 /* Debug */ = {
			isa = XCBuildConfiguration;
			buildSettings = {
				ALWAYS_SEARCH_USER_PATHS = NO;
				CLANG_CXX_LANGUAGE_STANDARD = "gnu++0x";
				CLANG_CXX_LIBRARY = "libc++";
				CLANG_ENABLE_MODULES = YES;
				CLANG_ENABLE_OBJC_ARC = YES;
				CLANG_WARN_BOOL_CONVERSION = YES;
				CLANG_WARN_CONSTANT_CONVERSION = YES;
				CLANG_WARN_DIRECT_OBJC_ISA_USAGE = YES_ERROR;
				CLANG_WARN_EMPTY_BODY = YES;
				CLANG_WARN_ENUM_CONVERSION = YES;
				CLANG_WARN_INT_CONVERSION = YES;
				CLANG_WARN_OBJC_ROOT_CLASS = YES_ERROR;
				CLANG_WARN_UNREACHABLE_CODE = YES;
				CLANG_WARN__DUPLICATE_METHOD_MATCH = YES;
				"CODE_SIGN_IDENTITY[sdk=iphoneos*]" = "iPhone Developer";
				COPY_PHASE_STRIP = NO;
				DEBUG_INFORMATION_FORMAT = "dwarf-with-dsym";
				ENABLE_STRICT_OBJC_MSGSEND = YES;
				GCC_C_LANGUAGE_STANDARD = gnu99;
				GCC_DYNAMIC_NO_PIC = NO;
				GCC_NO_COMMON_BLOCKS = YES;
				GCC_OPTIMIZATION_LEVEL = 0;
				GCC_PREPROCESSOR_DEFINITIONS = (
					"DEBUG=1",
					"$(inherited)",
				);
				GCC_SYMBOLS_PRIVATE_EXTERN = NO;
				GCC_WARN_64_TO_32_BIT_CONVERSION = YES;
				GCC_WARN_ABOUT_RETURN_TYPE = YES_ERROR;
				GCC_WARN_UNDECLARED_SELECTOR = YES;
				GCC_WARN_UNINITIALIZED_AUTOS = YES_AGGRESSIVE;
				GCC_WARN_UNUSED_FUNCTION = YES;
				GCC_WARN_UNUSED_VARIABLE = YES;
				IPHONEOS_DEPLOYMENT_TARGET = 8.3;
				MTL_ENABLE_DEBUG_INFO = YES;
				ONLY_ACTIVE_ARCH = YES;
				SDKROOT = iphoneos;
				SWIFT_OPTIMIZATION_LEVEL = "-Onone";
			};
			name = Debug;
		};
		75B4CAB91B281788002BAC09 /* Release */ = {
			isa = XCBuildConfiguration;
			buildSettings = {
				ALWAYS_SEARCH_USER_PATHS = NO;
				CLANG_CXX_LANGUAGE_STANDARD = "gnu++0x";
				CLANG_CXX_LIBRARY = "libc++";
				CLANG_ENABLE_MODULES = YES;
				CLANG_ENABLE_OBJC_ARC = YES;
				CLANG_WARN_BOOL_CONVERSION = YES;
				CLANG_WARN_CONSTANT_CONVERSION = YES;
				CLANG_WARN_DIRECT_OBJC_ISA_USAGE = YES_ERROR;
				CLANG_WARN_EMPTY_BODY = YES;
				CLANG_WARN_ENUM_CONVERSION = YES;
				CLANG_WARN_INT_CONVERSION = YES;
				CLANG_WARN_OBJC_ROOT_CLASS = YES_ERROR;
				CLANG_WARN_UNREACHABLE_CODE = YES;
				CLANG_WARN__DUPLICATE_METHOD_MATCH = YES;
				"CODE_SIGN_IDENTITY[sdk=iphoneos*]" = "iPhone Developer";
				COPY_PHASE_STRIP = NO;
				DEBUG_INFORMATION_FORMAT = "dwarf-with-dsym";
				ENABLE_NS_ASSERTIONS = NO;
				ENABLE_STRICT_OBJC_MSGSEND = YES;
				GCC_C_LANGUAGE_STANDARD = gnu99;
				GCC_NO_COMMON_BLOCKS = YES;
				GCC_WARN_64_TO_32_BIT_CONVERSION = YES;
				GCC_WARN_ABOUT_RETURN_TYPE = YES_ERROR;
				GCC_WARN_UNDECLARED_SELECTOR = YES;
				GCC_WARN_UNINITIALIZED_AUTOS = YES_AGGRESSIVE;
				GCC_WARN_UNUSED_FUNCTION = YES;
				GCC_WARN_UNUSED_VARIABLE = YES;
				IPHONEOS_DEPLOYMENT_TARGET = 8.3;
				MTL_ENABLE_DEBUG_INFO = NO;
				SDKROOT = iphoneos;
				VALIDATE_PRODUCT = YES;
			};
			name = Release;
		};
		75B4CABB1B281788002BAC09 /* Debug */ = {
			isa = XCBuildConfiguration;
			baseConfigurationReference = E8AE279A848C1B2B6A73F743 /* Pods-Fitrangi.debug.xcconfig */;
			buildSettings = {
				ASSETCATALOG_COMPILER_APPICON_NAME = AppIcon;
				INFOPLIST_FILE = Fitrangi/Info.plist;
				LD_RUNPATH_SEARCH_PATHS = "$(inherited) @executable_path/Frameworks";
				PRODUCT_NAME = "$(TARGET_NAME)";
				SWIFT_OBJC_BRIDGING_HEADER = "Fitrangi/Fitangi-Bridging-Header.h";
			};
			name = Debug;
		};
		75B4CABC1B281788002BAC09 /* Release */ = {
			isa = XCBuildConfiguration;
			baseConfigurationReference = 39D5961F6F51C99107F77688 /* Pods-Fitrangi.release.xcconfig */;
			buildSettings = {
				ASSETCATALOG_COMPILER_APPICON_NAME = AppIcon;
				INFOPLIST_FILE = Fitrangi/Info.plist;
				LD_RUNPATH_SEARCH_PATHS = "$(inherited) @executable_path/Frameworks";
				PRODUCT_NAME = "$(TARGET_NAME)";
				SWIFT_OBJC_BRIDGING_HEADER = "Fitrangi/Fitangi-Bridging-Header.h";
			};
			name = Release;
		};
		75B4CABE1B281788002BAC09 /* Debug */ = {
			isa = XCBuildConfiguration;
			buildSettings = {
				BUNDLE_LOADER = "$(TEST_HOST)";
				FRAMEWORK_SEARCH_PATHS = (
					"$(SDKROOT)/Developer/Library/Frameworks",
					"$(inherited)",
				);
				GCC_PREPROCESSOR_DEFINITIONS = (
					"DEBUG=1",
					"$(inherited)",
				);
				INFOPLIST_FILE = FitrangiTests/Info.plist;
				LD_RUNPATH_SEARCH_PATHS = "$(inherited) @executable_path/Frameworks @loader_path/Frameworks";
				PRODUCT_NAME = "$(TARGET_NAME)";
				TEST_HOST = "$(BUILT_PRODUCTS_DIR)/Fitrangi.app/Fitrangi";
			};
			name = Debug;
		};
		75B4CABF1B281788002BAC09 /* Release */ = {
			isa = XCBuildConfiguration;
			buildSettings = {
				BUNDLE_LOADER = "$(TEST_HOST)";
				FRAMEWORK_SEARCH_PATHS = (
					"$(SDKROOT)/Developer/Library/Frameworks",
					"$(inherited)",
				);
				INFOPLIST_FILE = FitrangiTests/Info.plist;
				LD_RUNPATH_SEARCH_PATHS = "$(inherited) @executable_path/Frameworks @loader_path/Frameworks";
				PRODUCT_NAME = "$(TARGET_NAME)";
				TEST_HOST = "$(BUILT_PRODUCTS_DIR)/Fitrangi.app/Fitrangi";
			};
			name = Release;
		};
/* End XCBuildConfiguration section */

/* Begin XCConfigurationList section */
		75B4CA941B281788002BAC09 /* Build configuration list for PBXProject "Fitrangi" */ = {
			isa = XCConfigurationList;
			buildConfigurations = (
				75B4CAB81B281788002BAC09 /* Debug */,
				75B4CAB91B281788002BAC09 /* Release */,
			);
			defaultConfigurationIsVisible = 0;
			defaultConfigurationName = Release;
		};
		75B4CABA1B281788002BAC09 /* Build configuration list for PBXNativeTarget "Fitrangi" */ = {
			isa = XCConfigurationList;
			buildConfigurations = (
				75B4CABB1B281788002BAC09 /* Debug */,
				75B4CABC1B281788002BAC09 /* Release */,
			);
			defaultConfigurationIsVisible = 0;
			defaultConfigurationName = Release;
		};
		75B4CABD1B281788002BAC09 /* Build configuration list for PBXNativeTarget "FitrangiTests" */ = {
			isa = XCConfigurationList;
			buildConfigurations = (
				75B4CABE1B281788002BAC09 /* Debug */,
				75B4CABF1B281788002BAC09 /* Release */,
			);
			defaultConfigurationIsVisible = 0;
			defaultConfigurationName = Release;
		};
/* End XCConfigurationList section */
	};
	rootObject = 75B4CA911B281788002BAC09 /* Project object */;
}
